
Microsoft Visual Studio Solution File, Format Version 12.00
# Visual Studio Version 17
VisualStudioVersion = 17.0.31903.59
MinimumVisualStudioVersion = 10.0.40219.1
Project("{2150E333-8FDC-42A3-9474-1A3956D46DE8}") = "src", "src", "{BA4DF3E4-5048-4ED8-84B5-C2DFC9232152}"
EndProject
Project("{FAE04EC0-301F-11D3-BF4B-00C04F79EFBC}") = "Tube.Api", "src\Tube.Api\Tube.Api.csproj", "{8F832CED-DB46-4700-A82A-026B1D175BF5}"
EndProject
Project("{FAE04EC0-301F-11D3-BF4B-00C04F79EFBC}") = "Tube.Application", "src\Tube.Application\Tube.Application.csproj", "{26F6AC7B-2A8D-48B1-871B-9BCC46046C36}"
EndProject
Project("{FAE04EC0-301F-11D3-BF4B-00C04F79EFBC}") = "Tube.Utilities", "src\Tube.Utilities\Tube.Utilities.csproj", "{43419DF6-1259-43D6-A2AB-E1064B92227C}"
EndProject
Global
	GlobalSection(SolutionConfigurationPlatforms) = preSolution
		Debug|Any CPU = Debug|Any CPU
		Release|Any CPU = Release|Any CPU
	EndGlobalSection
	GlobalSection(SolutionProperties) = preSolution
		HideSolutionNode = FALSE
	EndGlobalSection
	GlobalSection(ProjectConfigurationPlatforms) = postSolution
		{8F832CED-DB46-4700-A82A-026B1D175BF5}.Debug|Any CPU.ActiveCfg = Debug|Any CPU
		{8F832CED-DB46-4700-A82A-026B1D175BF5}.Debug|Any CPU.Build.0 = Debug|Any CPU
		{8F832CED-DB46-4700-A82A-026B1D175BF5}.Release|Any CPU.ActiveCfg = Release|Any CPU
		{8F832CED-DB46-4700-A82A-026B1D175BF5}.Release|Any CPU.Build.0 = Release|Any CPU
		{26F6AC7B-2A8D-48B1-871B-9BCC46046C36}.Debug|Any CPU.ActiveCfg = Debug|Any CPU
		{26F6AC7B-2A8D-48B1-871B-9BCC46046C36}.Debug|Any CPU.Build.0 = Debug|Any CPU
		{26F6AC7B-2A8D-48B1-871B-9BCC46046C36}.Release|Any CPU.ActiveCfg = Release|Any CPU
		{26F6AC7B-2A8D-48B1-871B-9BCC46046C36}.Release|Any CPU.Build.0 = Release|Any CPU
		{43419DF6-1259-43D6-A2AB-E1064B92227C}.Debug|Any CPU.ActiveCfg = Debug|Any CPU
		{43419DF6-1259-43D6-A2AB-E1064B92227C}.Debug|Any CPU.Build.0 = Debug|Any CPU
		{43419DF6-1259-43D6-A2AB-E1064B92227C}.Release|Any CPU.ActiveCfg = Release|Any CPU
		{43419DF6-1259-43D6-A2AB-E1064B92227C}.Release|Any CPU.Build.0 = Release|Any CPU
	EndGlobalSection
	GlobalSection(NestedProjects) = preSolution
		{8F832CED-DB46-4700-A82A-026B1D175BF5} = {BA4DF3E4-5048-4ED8-84B5-C2DFC9232152}
		{26F6AC7B-2A8D-48B1-871B-9BCC46046C36} = {BA4DF3E4-5048-4ED8-84B5-C2DFC9232152}
		{43419DF6-1259-43D6-A2AB-E1064B92227C} = {BA4DF3E4-5048-4ED8-84B5-C2DFC9232152}
	EndGlobalSection
EndGlobal
